
Microsoft Visual Studio Solution File, Format Version 12.00
# Visual Studio Version 17
VisualStudioVersion = 17.5.002.0
MinimumVisualStudioVersion = 10.0.40219.1
Project("{9A19103F-16F7-4668-BE54-9A1E7A4F7556}") = "BetaCrewClient", "BetaCrewClient.csproj", "{95EB317A-C955-468D-98AD-4564CF55732B}"
EndProject
Global
	GlobalSection(SolutionConfigurationPlatforms) = preSolution
		Debug|Any CPU = Debug|Any CPU
		Release|Any CPU = Release|Any CPU
	EndGlobalSection
	GlobalSection(ProjectConfigurationPlatforms) = postSolution
		{95EB317A-C955-468D-98AD-4564CF55732B}.Debug|Any CPU.ActiveCfg = Debug|Any CPU
		{95EB317A-C955-468D-98AD-4564CF55732B}.Debug|Any CPU.Build.0 = Debug|Any CPU
		{95EB317A-C955-468D-98AD-4564CF55732B}.Release|Any CPU.ActiveCfg = Release|Any CPU
		{95EB317A-C955-468D-98AD-4564CF55732B}.Release|Any CPU.Build.0 = Release|Any CPU
	EndGlobalSection
	GlobalSection(SolutionProperties) = preSolution
		HideSolutionNode = FALSE
	EndGlobalSection
	GlobalSection(ExtensibilityGlobals) = postSolution
		SolutionGuid = {DA90388D-1630-4C4C-80A4-68FB8753EDFE}
	EndGlobalSection
EndGlobal
